
Microsoft Visual Studio Solution File, Format Version 12.00
# Visual Studio Version 17
VisualStudioVersion = 17.2.32616.157
MinimumVisualStudioVersion = 10.0.40219.1
Project("{FAE04EC0-301F-11D3-BF4B-00C04F79EFBC}") = "Tic-Tac-Toe", "Tic-Tac-Toe\Tic-Tac-Toe.csproj", "{39C37C2C-1EA6-44C1-BB36-AA8CC7B5EA4B}"
EndProject
Global
	GlobalSection(SolutionConfigurationPlatforms) = preSolution
		Debug|Any CPU = Debug|Any CPU
		Debug|x64 = Debug|x64
		Release|Any CPU = Release|Any CPU
		Release|x64 = Release|x64
		Tic-Tac-Toe|Any CPU = Tic-Tac-Toe|Any CPU
		Tic-Tac-Toe|x64 = Tic-Tac-Toe|x64
	EndGlobalSection
	GlobalSection(ProjectConfigurationPlatforms) = postSolution
		{39C37C2C-1EA6-44C1-BB36-AA8CC7B5EA4B}.Debug|Any CPU.ActiveCfg = Debug|Any CPU
		{39C37C2C-1EA6-44C1-BB36-AA8CC7B5EA4B}.Debug|Any CPU.Build.0 = Debug|Any CPU
		{39C37C2C-1EA6-44C1-BB36-AA8CC7B5EA4B}.Debug|x64.ActiveCfg = Debug|x64
		{39C37C2C-1EA6-44C1-BB36-AA8CC7B5EA4B}.Debug|x64.Build.0 = Debug|x64
		{39C37C2C-1EA6-44C1-BB36-AA8CC7B5EA4B}.Release|Any CPU.ActiveCfg = Release|Any CPU
		{39C37C2C-1EA6-44C1-BB36-AA8CC7B5EA4B}.Release|Any CPU.Build.0 = Release|Any CPU
		{39C37C2C-1EA6-44C1-BB36-AA8CC7B5EA4B}.Release|x64.ActiveCfg = Release|x64
		{39C37C2C-1EA6-44C1-BB36-AA8CC7B5EA4B}.Release|x64.Build.0 = Release|x64
		{39C37C2C-1EA6-44C1-BB36-AA8CC7B5EA4B}.Tic-Tac-Toe|Any CPU.ActiveCfg = Tic-Tac-Toe|Any CPU
		{39C37C2C-1EA6-44C1-BB36-AA8CC7B5EA4B}.Tic-Tac-Toe|Any CPU.Build.0 = Tic-Tac-Toe|Any CPU
		{39C37C2C-1EA6-44C1-BB36-AA8CC7B5EA4B}.Tic-Tac-Toe|x64.ActiveCfg = Tic-Tac-Toe|x64
		{39C37C2C-1EA6-44C1-BB36-AA8CC7B5EA4B}.Tic-Tac-Toe|x64.Build.0 = Tic-Tac-Toe|x64
	EndGlobalSection
	GlobalSection(SolutionProperties) = preSolution
		HideSolutionNode = FALSE
	EndGlobalSection
	GlobalSection(ExtensibilityGlobals) = postSolution
		SolutionGuid = {D78A65A5-4CBF-45DD-96D5-AA75F6C39201}
	EndGlobalSection
EndGlobal
